
Microsoft Visual Studio Solution File, Format Version 12.00
# Visual Studio Version 17
VisualStudioVersion = 17.8.34408.163
MinimumVisualStudioVersion = 10.0.40219.1
Project("{FAE04EC0-301F-11D3-BF4B-00C04F79EFBC}") = "TiffTagExtractor", "TiffTagExtractor\TiffTagExtractor.csproj", "{FB6A2B9D-C14B-4034-89D6-D7DE12F55276}"
EndProject
Global
	GlobalSection(SolutionConfigurationPlatforms) = preSolution
		Debug|Any CPU = Debug|Any CPU
		Debug|x64 = Debug|x64
		Release|Any CPU = Release|Any CPU
		Release|x64 = Release|x64
	EndGlobalSection
	GlobalSection(ProjectConfigurationPlatforms) = postSolution
		{FB6A2B9D-C14B-4034-89D6-D7DE12F55276}.Debug|Any CPU.ActiveCfg = Debug|Any CPU
		{FB6A2B9D-C14B-4034-89D6-D7DE12F55276}.Debug|Any CPU.Build.0 = Debug|Any CPU
		{FB6A2B9D-C14B-4034-89D6-D7DE12F55276}.Debug|x64.ActiveCfg = Debug|x64
		{FB6A2B9D-C14B-4034-89D6-D7DE12F55276}.Debug|x64.Build.0 = Debug|x64
		{FB6A2B9D-C14B-4034-89D6-D7DE12F55276}.Release|Any CPU.ActiveCfg = Release|Any CPU
		{FB6A2B9D-C14B-4034-89D6-D7DE12F55276}.Release|Any CPU.Build.0 = Release|Any CPU
		{FB6A2B9D-C14B-4034-89D6-D7DE12F55276}.Release|x64.ActiveCfg = Release|x64
		{FB6A2B9D-C14B-4034-89D6-D7DE12F55276}.Release|x64.Build.0 = Release|x64
	EndGlobalSection
	GlobalSection(SolutionProperties) = preSolution
		HideSolutionNode = FALSE
	EndGlobalSection
	GlobalSection(ExtensibilityGlobals) = postSolution
		SolutionGuid = {AB1AF7AB-805E-4EBD-87A5-C91DA4DA84E2}
	EndGlobalSection
EndGlobal
